
Microsoft Visual Studio Solution File, Format Version 12.00
# Visual Studio Version 17
VisualStudioVersion = 17.11.35312.102
MinimumVisualStudioVersion = 10.0.40219.1
Project("{FAE04EC0-301F-11D3-BF4B-00C04F79EFBC}") = "QuizConfigurator", "QuizConfigurator\QuizConfigurator.csproj", "{25FD84C8-01E1-44B5-83B2-74ACD393B441}"
EndProject
Global
	GlobalSection(SolutionConfigurationPlatforms) = preSolution
		Debug|Any CPU = Debug|Any CPU
		Release|Any CPU = Release|Any CPU
	EndGlobalSection
	GlobalSection(ProjectConfigurationPlatforms) = postSolution
		{25FD84C8-01E1-44B5-83B2-74ACD393B441}.Debug|Any CPU.ActiveCfg = Debug|Any CPU
		{25FD84C8-01E1-44B5-83B2-74ACD393B441}.Debug|Any CPU.Build.0 = Debug|Any CPU
		{25FD84C8-01E1-44B5-83B2-74ACD393B441}.Release|Any CPU.ActiveCfg = Release|Any CPU
		{25FD84C8-01E1-44B5-83B2-74ACD393B441}.Release|Any CPU.Build.0 = Release|Any CPU
	EndGlobalSection
	GlobalSection(SolutionProperties) = preSolution
		HideSolutionNode = FALSE
	EndGlobalSection
	GlobalSection(ExtensibilityGlobals) = postSolution
		SolutionGuid = {ED8F4AED-5BD4-4B28-8C49-5BE7B96B76FD}
	EndGlobalSection
EndGlobal
